<?xml version="1.0" encoding="UTF-8"?>
<Scheme
   LastUpgradeVersion = "0710"
   version = "1.3">
   <BuildAction
      parallelizeBuildables = "YES"
      buildImplicitDependencies = "YES">
      <BuildActionEntries>
         <BuildActionEntry
            buildForTesting = "YES"
            buildForRunning = "YES"
            buildForProfiling = "YES"
            buildForArchiving = "YES"
            buildForAnalyzing = "YES">
            <BuildableReference
               BuildableIdentifier = "primary"
               BlueprintIdentifier = "A10CE2381C0842E1005910A0"
               BuildableName = "TableViewCell&#x6536;&#x56de;&#x4e0e;&#x5c55;&#x5f00;.app"
               BlueprintName = "TableViewCell&#x6536;&#x56de;&#x4e0e;&#x5c55;&#x5f00;"
               ReferencedContainer = "container:TableViewCell&#x6536;&#x56de;&#x4e0e;&#x5c55;&#x5f00;.xcodeproj">
            </BuildableReference>
         </BuildActionEntry>
      </BuildActionEntries>
   </BuildAction>
   <TestAction
      buildConfiguration = "Debug"
      selectedDebuggerIdentifier = "Xcode.DebuggerFoundation.Debugger.LLDB"
      selectedLauncherIdentifier = "Xcode.DebuggerFoundation.Launcher.LLDB"
      shouldUseLaunchSchemeArgsEnv = "YES">
      <Testables>
         <TestableReference
            skipped = "NO">
            <BuildableReference
               BuildableIdentifier = "primary"
               BlueprintIdentifier = "A10CE2511C0842E1005910A0"
               BuildableName = "TableViewCell&#x6536;&#x56de;&#x4e0e;&#x5c55;&#x5f00;Tests.xctest"
               BlueprintName = "TableViewCell&#x6536;&#x56de;&#x4e0e;&#x5c55;&#x5f00;Tests"
               ReferencedContainer = "container:TableViewCell&#x6536;&#x56de;&#x4e0e;&#x5c55;&#x5f00;.xcodeproj">
            </BuildableReference>
         </TestableReference>
         <TestableReference
            skipped = "NO">
            <BuildableReference
               BuildableIdentifier = "primary"
               BlueprintIdentifier = "A10CE25C1C0842E1005910A0"
               BuildableName = "TableViewCell&#x6536;&#x56de;&#x4e0e;&#x5c55;&#x5f00;UITests.xctest"
               BlueprintName = "TableViewCell&#x6536;&#x56de;&#x4e0e;&#x5c55;&#x5f00;UITests"
               ReferencedContainer = "container:TableViewCell&#x6536;&#x56de;&#x4e0e;&#x5c55;&#x5f00;.xcodeproj">
            </BuildableReference>
         </TestableReference>
      </Testables>
      <MacroExpansion>
         <BuildableReference
            BuildableIdentifier = "primary"
            BlueprintIdentifier = "A10CE2381C0842E1005910A0"
            BuildableName = "TableViewCell&#x6536;&#x56de;&#x4e0e;&#x5c55;&#x5f00;.app"
            BlueprintName = "TableViewCell&#x6536;&#x56de;&#x4e0e;&#x5c55;&#x5f00;"
            ReferencedContainer = "container:TableViewCell&#x6536;&#x56de;&#x4e0e;&#x5c55;&#x5f00;.xcodeproj">
         </BuildableReference>
      </MacroExpansion>
      <AdditionalOptions>
      </AdditionalOptions>
   </TestAction>
   <LaunchAction
      buildConfiguration = "Debug"
      selectedDebuggerIdentifier = "Xcode.DebuggerFoundation.Debugger.LLDB"
      selectedLauncherIdentifier = "Xcode.DebuggerFoundation.Launcher.LLDB"
      launchStyle = "0"
      useCustomWorkingDirectory = "NO"
      ignoresPersistentStateOnLaunch = "NO"
      debugDocumentVersioning = "YES"
      debugServiceExtension = "internal"
      allowLocationSimulation = "YES">
      <BuildableProductRunnable
         runnableDebuggingMode = "0">
         <BuildableReference
            BuildableIdentifier = "primary"
            BlueprintIdentifier = "A10CE2381C0842E1005910A0"
            BuildableName = "TableViewCell&#x6536;&#x56de;&#x4e0e;&#x5c55;&#x5f00;.app"
            BlueprintName = "TableViewCell&#x6536;&#x56de;&#x4e0e;&#x5c55;&#x5f00;"
            ReferencedContainer = "container:TableViewCell&#x6536;&#x56de;&#x4e0e;&#x5c55;&#x5f00;.xcodeproj">
         </BuildableReference>
      </BuildableProductRunnable>
      <AdditionalOptions>
      </AdditionalOptions>
   </LaunchAction>
   <ProfileAction
      buildConfiguration = "Release"
      shouldUseLaunchSchemeArgsEnv = "YES"
      savedToolIdentifier = ""
      useCustomWorkingDirectory = "NO"
      debugDocumentVersioning = "YES">
      <BuildableProductRunnable
         runnableDebuggingMode = "0">
         <BuildableReference
            BuildableIdentifier = "primary"
            BlueprintIdentifier = "A10CE2381C0842E1005910A0"
            BuildableName = "TableViewCell&#x6536;&#x56de;&#x4e0e;&#x5c55;&#x5f00;.app"
            BlueprintName = "TableViewCell&#x6536;&#x56de;&#x4e0e;&#x5c55;&#x5f00;"
            ReferencedContainer = "container:TableViewCell&#x6536;&#x56de;&#x4e0e;&#x5c55;&#x5f00;.xcodeproj">
         </BuildableReference>
      </BuildableProductRunnable>
   </ProfileAction>
   <AnalyzeAction
      buildConfiguration = "Debug">
   </AnalyzeAction>
   <ArchiveAction
      buildConfiguration = "Release"
      revealArchiveInOrganizer = "YES">
   </ArchiveAction>
</Scheme>
